
Microsoft Visual Studio Solution File, Format Version 12.00
# Visual Studio 2012
Project("{FAE04EC0-301F-11D3-BF4B-00C04F79EFBC}") = "ElectronicManager", "ElectronicManager\ElectronicManager.csproj", "{3C865D0C-E997-46DF-BB8D-A1F62732D150}"
EndProject
Global
	GlobalSection(SolutionConfigurationPlatforms) = preSolution
		Debug|Any CPU = Debug|Any CPU
		Release|Any CPU = Release|Any CPU
	EndGlobalSection
	GlobalSection(ProjectConfigurationPlatforms) = postSolution
		{3C865D0C-E997-46DF-BB8D-A1F62732D150}.Debug|Any CPU.ActiveCfg = Debug|Any CPU
		{3C865D0C-E997-46DF-BB8D-A1F62732D150}.Debug|Any CPU.Build.0 = Debug|Any CPU
		{3C865D0C-E997-46DF-BB8D-A1F62732D150}.Release|Any CPU.ActiveCfg = Release|Any CPU
		{3C865D0C-E997-46DF-BB8D-A1F62732D150}.Release|Any CPU.Build.0 = Release|Any CPU
	EndGlobalSection
	GlobalSection(SolutionProperties) = preSolution
		HideSolutionNode = FALSE
	EndGlobalSection
EndGlobal
